// !$*UTF8*$!
{
	archiveVersion = 1;
	classes = {
	};
	objectVersion = 46;
	objects = {

/* Begin PBXBuildFile section */
		EC02CCA81A393F760030CD65 /* AppDelegate.swift in Sources */ = {isa = PBXBuildFile; fileRef = EC02CCA71A393F760030CD65 /* AppDelegate.swift */; };
		EC02CCAA1A393F760030CD65 /* SearchResultsViewController.swift in Sources */ = {isa = PBXBuildFile; fileRef = EC02CCA91A393F760030CD65 /* SearchResultsViewController.swift */; };
		EC02CCAD1A393F760030CD65 /* Main.storyboard in Resources */ = {isa = PBXBuildFile; fileRef = EC02CCAB1A393F760030CD65 /* Main.storyboard */; };
		EC02CCAF1A393F760030CD65 /* Images.xcassets in Resources */ = {isa = PBXBuildFile; fileRef = EC02CCAE1A393F760030CD65 /* Images.xcassets */; };
		EC02CCB21A393F760030CD65 /* LaunchScreen.xib in Resources */ = {isa = PBXBuildFile; fileRef = EC02CCB01A393F760030CD65 /* LaunchScreen.xib */; };
		EC02CCBE1A393F760030CD65 /* TablesTests.swift in Sources */ = {isa = PBXBuildFile; fileRef = EC02CCBD1A393F760030CD65 /* TablesTests.swift */; };
		EC75A8A41A41511700E973D9 /* album.swift in Sources */ = {isa = PBXBuildFile; fileRef = EC75A8A31A41511700E973D9 /* album.swift */; };
		ECA6356E1A3FD41000DD802D /* APIController.swift in Sources */ = {isa = PBXBuildFile; fileRef = ECA6356D1A3FD41000DD802D /* APIController.swift */; };
/* End PBXBuildFile section */

/* Begin PBXContainerItemProxy section */
		EC02CCB81A393F760030CD65 /* PBXContainerItemProxy */ = {
			isa = PBXContainerItemProxy;
			containerPortal = EC02CC9A1A393F760030CD65 /* Project object */;
			proxyType = 1;
			remoteGlobalIDString = EC02CCA11A393F760030CD65;
			remoteInfo = Tables;
		};
/* End PBXContainerItemProxy section */

/* Begin PBXFileReference section */
		EC02CCA21A393F760030CD65 /* Tables.app */ = {isa = PBXFileReference; explicitFileType = wrapper.application; includeInIndex = 0; path = Tables.app; sourceTree = BUILT_PRODUCTS_DIR; };
		EC02CCA61A393F760030CD65 /* Info.plist */ = {isa = PBXFileReference; lastKnownFileType = text.plist.xml; path = Info.plist; sourceTree = "<group>"; };
		EC02CCA71A393F760030CD65 /* AppDelegate.swift */ = {isa = PBXFileReference; lastKnownFileType = sourcecode.swift; path = AppDelegate.swift; sourceTree = "<group>"; };
		EC02CCA91A393F760030CD65 /* SearchResultsViewController.swift */ = {isa = PBXFileReference; lastKnownFileType = sourcecode.swift; path = SearchResultsViewController.swift; sourceTree = "<group>"; };
		EC02CCAC1A393F760030CD65 /* Base */ = {isa = PBXFileReference; lastKnownFileType = file.storyboard; name = Base; path = Base.lproj/Main.storyboard; sourceTree = "<group>"; };
		EC02CCAE1A393F760030CD65 /* Images.xcassets */ = {isa = PBXFileReference; lastKnownFileType = folder.assetcatalog; path = Images.xcassets; sourceTree = "<group>"; };
		EC02CCB11A393F760030CD65 /* Base */ = {isa = PBXFileReference; lastKnownFileType = file.xib; name = Base; path = Base.lproj/LaunchScreen.xib; sourceTree = "<group>"; };
		EC02CCB71A393F760030CD65 /* TablesTests.xctest */ = {isa = PBXFileReference; explicitFileType = wrapper.cfbundle; includeInIndex = 0; path = TablesTests.xctest; sourceTree = BUILT_PRODUCTS_DIR; };
		EC02CCBC1A393F760030CD65 /* Info.plist */ = {isa = PBXFileReference; lastKnownFileType = text.plist.xml; path = Info.plist; sourceTree = "<group>"; };
		EC02CCBD1A393F760030CD65 /* TablesTests.swift */ = {isa = PBXFileReference; lastKnownFileType = sourcecode.swift; path = TablesTests.swift; sourceTree = "<group>"; };
		EC75A8A31A41511700E973D9 /* album.swift */ = {isa = PBXFileReference; fileEncoding = 4; lastKnownFileType = sourcecode.swift; path = album.swift; sourceTree = "<group>"; };
		ECA6356D1A3FD41000DD802D /* APIController.swift */ = {isa = PBXFileReference; fileEncoding = 4; lastKnownFileType = sourcecode.swift; path = APIController.swift; sourceTree = "<group>"; };
/* End PBXFileReference section */

/* Begin PBXFrameworksBuildPhase section */
		EC02CC9F1A393F760030CD65 /* Frameworks */ = {
			isa = PBXFrameworksBuildPhase;
			buildActionMask = 2147483647;
			files = (
			);
			runOnlyForDeploymentPostprocessing = 0;
		};
		EC02CCB41A393F760030CD65 /* Frameworks */ = {
			isa = PBXFrameworksBuildPhase;
			buildActionMask = 2147483647;
			files = (
			);
			runOnlyForDeploymentPostprocessing = 0;
		};
/* End PBXFrameworksBuildPhase section */

/* Begin PBXGroup section */
		EC02CC991A393F760030CD65 = {
			isa = PBXGroup;
			children = (
				EC02CCA41A393F760030CD65 /* Tables */,
				EC02CCBA1A393F760030CD65 /* TablesTests */,
				EC02CCA31A393F760030CD65 /* Products */,
			);
			sourceTree = "<group>";
		};
		EC02CCA31A393F760030CD65 /* Products */ = {
			isa = PBXGroup;
			children = (
				EC02CCA21A393F760030CD65 /* Tables.app */,
				EC02CCB71A393F760030CD65 /* TablesTests.xctest */,
			);
			name = Products;
			sourceTree = "<group>";
		};
		EC02CCA41A393F760030CD65 /* Tables */ = {
			isa = PBXGroup;
			children = (
				EC75A8A21A41510A00E973D9 /* Models */,
				EC02CCA71A393F760030CD65 /* AppDelegate.swift */,
				EC02CCA91A393F760030CD65 /* SearchResultsViewController.swift */,
				EC02CCAB1A393F760030CD65 /* Main.storyboard */,
				EC02CCAE1A393F760030CD65 /* Images.xcassets */,
				EC02CCB01A393F760030CD65 /* LaunchScreen.xib */,
				EC02CCA51A393F760030CD65 /* Supporting Files */,
				ECA6356D1A3FD41000DD802D /* APIController.swift */,
			);
			path = Tables;
			sourceTree = "<group>";
		};
		EC02CCA51A393F760030CD65 /* Supporting Files */ = {
			isa = PBXGroup;
			children = (
				EC02CCA61A393F760030CD65 /* Info.plist */,
			);
			name = "Supporting Files";
			sourceTree = "<group>";
		};
		EC02CCBA1A393F760030CD65 /* TablesTests */ = {
			isa = PBXGroup;
			children = (
				EC02CCBD1A393F760030CD65 /* TablesTests.swift */,
				EC02CCBB1A393F760030CD65 /* Supporting Files */,
			);
			path = TablesTests;
			sourceTree = "<group>";
		};
		EC02CCBB1A393F760030CD65 /* Supporting Files */ = {
			isa = PBXGroup;
			children = (
				EC02CCBC1A393F760030CD65 /* Info.plist */,
			);
			name = "Supporting Files";
			sourceTree = "<group>";
		};
		EC75A8A21A41510A00E973D9 /* Models */ = {
			isa = PBXGroup;
			children = (
				EC75A8A31A41511700E973D9 /* album.swift */,
			);
			name = Models;
			sourceTree = "<group>";
		};
/* End PBXGroup section */

/* Begin PBXNativeTarget section */
		EC02CCA11A393F760030CD65 /* Tables */ = {
			isa = PBXNativeTarget;
			buildConfigurationList = EC02CCC11A393F760030CD65 /* Build configuration list for PBXNativeTarget "Tables" */;
			buildPhases = (
				EC02CC9E1A393F760030CD65 /* Sources */,
				EC02CC9F1A393F760030CD65 /* Frameworks */,
				EC02CCA01A393F760030CD65 /* Resources */,
			);
			buildRules = (
			);
			dependencies = (
			);
			name = Tables;
			productName = Tables;
			productReference = EC02CCA21A393F760030CD65 /* Tables.app */;
			productType = "com.apple.product-type.application";
		};
		EC02CCB61A393F760030CD65 /* TablesTests */ = {
			isa = PBXNativeTarget;
			buildConfigurationList = EC02CCC41A393F760030CD65 /* Build configuration list for PBXNativeTarget "TablesTests" */;
			buildPhases = (
				EC02CCB31A393F760030CD65 /* Sources */,
				EC02CCB41A393F760030CD65 /* Frameworks */,
				EC02CCB51A393F760030CD65 /* Resources */,
			);
			buildRules = (
			);
			dependencies = (
				EC02CCB91A393F760030CD65 /* PBXTargetDependency */,
			);
			name = TablesTests;
			productName = TablesTests;
			productReference = EC02CCB71A393F760030CD65 /* TablesTests.xctest */;
			productType = "com.apple.product-type.bundle.unit-test";
		};
/* End PBXNativeTarget section */

/* Begin PBXProject section */
		EC02CC9A1A393F760030CD65 /* Project object */ = {
			isa = PBXProject;
			attributes = {
				LastUpgradeCheck = 0610;
				ORGANIZATIONNAME = "stephen g";
				TargetAttributes = {
					EC02CCA11A393F760030CD65 = {
						CreatedOnToolsVersion = 6.1;
					};
					EC02CCB61A393F760030CD65 = {
						CreatedOnToolsVersion = 6.1;
						TestTargetID = EC02CCA11A393F760030CD65;
					};
				};
			};
			buildConfigurationList = EC02CC9D1A393F760030CD65 /* Build configuration list for PBXProject "Tables" */;
			compatibilityVersion = "Xcode 3.2";
			developmentRegion = English;
			hasScannedForEncodings = 0;
			knownRegions = (
				en,
				Base,
			);
			mainGroup = EC02CC991A393F760030CD65;
			productRefGroup = EC02CCA31A393F760030CD65 /* Products */;
			projectDirPath = "";
			projectRoot = "";
			targets = (
				EC02CCA11A393F760030CD65 /* Tables */,
				EC02CCB61A393F760030CD65 /* TablesTests */,
			);
		};
/* End PBXProject section */

/* Begin PBXResourcesBuildPhase section */
		EC02CCA01A393F760030CD65 /* Resources */ = {
			isa = PBXResourcesBuildPhase;
			buildActionMask = 2147483647;
			files = (
				EC02CCAD1A393F760030CD65 /* Main.storyboard in Resources */,
				EC02CCB21A393F760030CD65 /* LaunchScreen.xib in Resources */,
				EC02CCAF1A393F760030CD65 /* Images.xcassets in Resources */,
			);
			runOnlyForDeploymentPostprocessing = 0;
		};
		EC02CCB51A393F760030CD65 /* Resources */ = {
			isa = PBXResourcesBuildPhase;
			buildActionMask = 2147483647;
			files = (
			);
			runOnlyForDeploymentPostprocessing = 0;
		};
/* End PBXResourcesBuildPhase section */

/* Begin PBXSourcesBuildPhase section */
		EC02CC9E1A393F760030CD65 /* Sources */ = {
			isa = PBXSourcesBuildPhase;
			buildActionMask = 2147483647;
			files = (
				EC02CCAA1A393F760030CD65 /* SearchResultsViewController.swift in Sources */,
				EC02CCA81A393F760030CD65 /* AppDelegate.swift in Sources */,
				ECA6356E1A3FD41000DD802D /* APIController.swift in Sources */,
				EC75A8A41A41511700E973D9 /* album.swift in Sources */,
			);
			runOnlyForDeploymentPostprocessing = 0;
		};
		EC02CCB31A393F760030CD65 /* Sources */ = {
			isa = PBXSourcesBuildPhase;
			buildActionMask = 2147483647;
			files = (
				EC02CCBE1A393F760030CD65 /* TablesTests.swift in Sources */,
			);
			runOnlyForDeploymentPostprocessing = 0;
		};
/* End PBXSourcesBuildPhase section */

/* Begin PBXTargetDependency section */
		EC02CCB91A393F760030CD65 /* PBXTargetDependency */ = {
			isa = PBXTargetDependency;
			target = EC02CCA11A393F760030CD65 /* Tables */;
			targetProxy = EC02CCB81A393F760030CD65 /* PBXContainerItemProxy */;
		};
/* End PBXTargetDependency section */

/* Begin PBXVariantGroup section */
		EC02CCAB1A393F760030CD65 /* Main.storyboard */ = {
			isa = PBXVariantGroup;
			children = (
				EC02CCAC1A393F760030CD65 /* Base */,
			);
			name = Main.storyboard;
			sourceTree = "<group>";
		};
		EC02CCB01A393F760030CD65 /* LaunchScreen.xib */ = {
			isa = PBXVariantGroup;
			children = (
				EC02CCB11A393F760030CD65 /* Base */,
			);
			name = LaunchScreen.xib;
			sourceTree = "<group>";
		};
/* End PBXVariantGroup section */

/* Begin XCBuildConfiguration section */
		EC02CCBF1A393F760030CD65 /* Debug */ = {
			isa = XCBuildConfiguration;
			buildSettings = {
				ALWAYS_SEARCH_USER_PATHS = NO;
				CLANG_CXX_LANGUAGE_STANDARD = "gnu++0x";
				CLANG_CXX_LIBRARY = "libc++";
				CLANG_ENABLE_MODULES = YES;
				CLANG_ENABLE_OBJC_ARC = YES;
				CLANG_WARN_BOOL_CONVERSION = YES;
				CLANG_WARN_CONSTANT_CONVERSION = YES;
				CLANG_WARN_DIRECT_OBJC_ISA_USAGE = YES_ERROR;
				CLANG_WARN_EMPTY_BODY = YES;
				CLANG_WARN_ENUM_CONVERSION = YES;
				CLANG_WARN_INT_CONVERSION = YES;
				CLANG_WARN_OBJC_ROOT_CLASS = YES_ERROR;
				CLANG_WARN_UNREACHABLE_CODE = YES;
				CLANG_WARN__DUPLICATE_METHOD_MATCH = YES;
				"CODE_SIGN_IDENTITY[sdk=iphoneos*]" = "iPhone Developer";
				COPY_PHASE_STRIP = NO;
				ENABLE_STRICT_OBJC_MSGSEND = YES;
				GCC_C_LANGUAGE_STANDARD = gnu99;
				GCC_DYNAMIC_NO_PIC = NO;
				GCC_OPTIMIZATION_LEVEL = 0;
				GCC_PREPROCESSOR_DEFINITIONS = (
					"DEBUG=1",
					"$(inherited)",
				);
				GCC_SYMBOLS_PRIVATE_EXTERN = NO;
				GCC_WARN_64_TO_32_BIT_CONVERSION = YES;
				GCC_WARN_ABOUT_RETURN_TYPE = YES_ERROR;
				GCC_WARN_UNDECLARED_SELECTOR = YES;
				GCC_WARN_UNINITIALIZED_AUTOS = YES_AGGRESSIVE;
				GCC_WARN_UNUSED_FUNCTION = YES;
				GCC_WARN_UNUSED_VARIABLE = YES;
				IPHONEOS_DEPLOYMENT_TARGET = 8.1;
				MTL_ENABLE_DEBUG_INFO = YES;
				ONLY_ACTIVE_ARCH = YES;
				SDKROOT = iphoneos;
				SWIFT_OPTIMIZATION_LEVEL = "-Onone";
			};
			name = Debug;
		};
		EC02CCC01A393F760030CD65 /* Release */ = {
			isa = XCBuildConfiguration;
			buildSettings = {
				ALWAYS_SEARCH_USER_PATHS = NO;
				CLANG_CXX_LANGUAGE_STANDARD = "gnu++0x";
				CLANG_CXX_LIBRARY = "libc++";
				CLANG_ENABLE_MODULES = YES;
				CLANG_ENABLE_OBJC_ARC = YES;
				CLANG_WARN_BOOL_CONVERSION = YES;
				CLANG_WARN_CONSTANT_CONVERSION = YES;
				CLANG_WARN_DIRECT_OBJC_ISA_USAGE = YES_ERROR;
				CLANG_WARN_EMPTY_BODY = YES;
				CLANG_WARN_ENUM_CONVERSION = YES;
				CLANG_WARN_INT_CONVERSION = YES;
				CLANG_WARN_OBJC_ROOT_CLASS = YES_ERROR;
				CLANG_WARN_UNREACHABLE_CODE = YES;
				CLANG_WARN__DUPLICATE_METHOD_MATCH = YES;
				"CODE_SIGN_IDENTITY[sdk=iphoneos*]" = "iPhone Developer";
				COPY_PHASE_STRIP = YES;
				ENABLE_NS_ASSERTIONS = NO;
				ENABLE_STRICT_OBJC_MSGSEND = YES;
				GCC_C_LANGUAGE_STANDARD = gnu99;
				GCC_WARN_64_TO_32_BIT_CONVERSION = YES;
				GCC_WARN_ABOUT_RETURN_TYPE = YES_ERROR;
				GCC_WARN_UNDECLARED_SELECTOR = YES;
				GCC_WARN_UNINITIALIZED_AUTOS = YES_AGGRESSIVE;
				GCC_WARN_UNUSED_FUNCTION = YES;
				GCC_WARN_UNUSED_VARIABLE = YES;
				IPHONEOS_DEPLOYMENT_TARGET = 8.1;
				MTL_ENABLE_DEBUG_INFO = NO;
				SDKROOT = iphoneos;
				VALIDATE_PRODUCT = YES;
			};
			name = Release;
		};
		EC02CCC21A393F760030CD65 /* Debug */ = {
			isa = XCBuildConfiguration;
			buildSettings = {
				ASSETCATALOG_COMPILER_APPICON_NAME = AppIcon;
				INFOPLIST_FILE = Tables/Info.plist;
				LD_RUNPATH_SEARCH_PATHS = "$(inherited) @executable_path/Frameworks";
				PRODUCT_NAME = "$(TARGET_NAME)";
			};
			name = Debug;
		};
		EC02CCC31A393F760030CD65 /* Release */ = {
			isa = XCBuildConfiguration;
			buildSettings = {
				ASSETCATALOG_COMPILER_APPICON_NAME = AppIcon;
				INFOPLIST_FILE = Tables/Info.plist;
				LD_RUNPATH_SEARCH_PATHS = "$(inherited) @executable_path/Frameworks";
				PRODUCT_NAME = "$(TARGET_NAME)";
			};
			name = Release;
		};
		EC02CCC51A393F760030CD65 /* Debug */ = {
			isa = XCBuildConfiguration;
			buildSettings = {
				BUNDLE_LOADER = "$(TEST_HOST)";
				FRAMEWORK_SEARCH_PATHS = (
					"$(SDKROOT)/Developer/Library/Frameworks",
					"$(inherited)",
				);
				GCC_PREPROCESSOR_DEFINITIONS = (
					"DEBUG=1",
					"$(inherited)",
				);
				INFOPLIST_FILE = TablesTests/Info.plist;
				LD_RUNPATH_SEARCH_PATHS = "$(inherited) @executable_path/Frameworks @loader_path/Frameworks";
				PRODUCT_NAME = "$(TARGET_NAME)";
				TEST_HOST = "$(BUILT_PRODUCTS_DIR)/Tables.app/Tables";
			};
			name = Debug;
		};
		EC02CCC61A393F760030CD65 /* Release */ = {
			isa = XCBuildConfiguration;
			buildSettings = {
				BUNDLE_LOADER = "$(TEST_HOST)";
				FRAMEWORK_SEARCH_PATHS = (
					"$(SDKROOT)/Developer/Library/Frameworks",
					"$(inherited)",
				);
				INFOPLIST_FILE = TablesTests/Info.plist;
				LD_RUNPATH_SEARCH_PATHS = "$(inherited) @executable_path/Frameworks @loader_path/Frameworks";
				PRODUCT_NAME = "$(TARGET_NAME)";
				TEST_HOST = "$(BUILT_PRODUCTS_DIR)/Tables.app/Tables";
			};
			name = Release;
		};
/* End XCBuildConfiguration section */

/* Begin XCConfigurationList section */
		EC02CC9D1A393F760030CD65 /* Build configuration list for PBXProject "Tables" */ = {
			isa = XCConfigurationList;
			buildConfigurations = (
				EC02CCBF1A393F760030CD65 /* Debug */,
				EC02CCC01A393F760030CD65 /* Release */,
			);
			defaultConfigurationIsVisible = 0;
			defaultConfigurationName = Release;
		};
		EC02CCC11A393F760030CD65 /* Build configuration list for PBXNativeTarget "Tables" */ = {
			isa = XCConfigurationList;
			buildConfigurations = (
				EC02CCC21A393F760030CD65 /* Debug */,
				EC02CCC31A393F760030CD65 /* Release */,
			);
			defaultConfigurationIsVisible = 0;
			defaultConfigurationName = Release;
		};
		EC02CCC41A393F760030CD65 /* Build configuration list for PBXNativeTarget "TablesTests" */ = {
			isa = XCConfigurationList;
			buildConfigurations = (
				EC02CCC51A393F760030CD65 /* Debug */,
				EC02CCC61A393F760030CD65 /* Release */,
			);
			defaultConfigurationIsVisible = 0;
			defaultConfigurationName = Release;
		};
/* End XCConfigurationList section */
	};
	rootObject = EC02CC9A1A393F760030CD65 /* Project object */;
}
